
Microsoft Visual Studio Solution File, Format Version 12.00
# Visual Studio 2013
VisualStudioVersion = 12.0.21005.1
MinimumVisualStudioVersion = 10.0.40219.1
Project("{8BC9CEB8-8B4A-11D0-8D11-00A0C91BC942}") = "ChuongTrinhChinh", "ChuongTrinhChinh\ChuongTrinhChinh.vcxproj", "{E7C56454-1B3C-428B-8863-586DF5ADEC71}"
EndProject
Project("{8BC9CEB8-8B4A-11D0-8D11-00A0C91BC942}") = "DocTuDien", "DocTuDien\DocTuDien.vcxproj", "{B61E018F-94AD-48EE-AC9A-CDE17E4A3F7A}"
EndProject
Project("{8BC9CEB8-8B4A-11D0-8D11-00A0C91BC942}") = "TuDon", "TuDon\TuDon.vcxproj", "{3A598694-DF80-4889-A30E-BB525F1A1289}"
EndProject
Project("{8BC9CEB8-8B4A-11D0-8D11-00A0C91BC942}") = "TuGhep", "TuGhep\TuGhep.vcxproj", "{1BE7EF99-E527-4012-8B31-050E0D477C01}"
EndProject
Project("{8BC9CEB8-8B4A-11D0-8D11-00A0C91BC942}") = "TuLay", "TuLay\TuLay.vcxproj", "{592B8DA4-8D6B-45AA-9607-4BD571C3E4EE}"
EndProject
Global
	GlobalSection(SolutionConfigurationPlatforms) = preSolution
		Debug|Win32 = Debug|Win32
		Release|Win32 = Release|Win32
	EndGlobalSection
	GlobalSection(ProjectConfigurationPlatforms) = postSolution
		{E7C56454-1B3C-428B-8863-586DF5ADEC71}.Debug|Win32.ActiveCfg = Debug|Win32
		{E7C56454-1B3C-428B-8863-586DF5ADEC71}.Debug|Win32.Build.0 = Debug|Win32
		{E7C56454-1B3C-428B-8863-586DF5ADEC71}.Release|Win32.ActiveCfg = Release|Win32
		{E7C56454-1B3C-428B-8863-586DF5ADEC71}.Release|Win32.Build.0 = Release|Win32
		{B61E018F-94AD-48EE-AC9A-CDE17E4A3F7A}.Debug|Win32.ActiveCfg = Debug|Win32
		{B61E018F-94AD-48EE-AC9A-CDE17E4A3F7A}.Debug|Win32.Build.0 = Debug|Win32
		{B61E018F-94AD-48EE-AC9A-CDE17E4A3F7A}.Release|Win32.ActiveCfg = Release|Win32
		{B61E018F-94AD-48EE-AC9A-CDE17E4A3F7A}.Release|Win32.Build.0 = Release|Win32
		{3A598694-DF80-4889-A30E-BB525F1A1289}.Debug|Win32.ActiveCfg = Debug|Win32
		{3A598694-DF80-4889-A30E-BB525F1A1289}.Debug|Win32.Build.0 = Debug|Win32
		{3A598694-DF80-4889-A30E-BB525F1A1289}.Release|Win32.ActiveCfg = Release|Win32
		{3A598694-DF80-4889-A30E-BB525F1A1289}.Release|Win32.Build.0 = Release|Win32
		{1BE7EF99-E527-4012-8B31-050E0D477C01}.Debug|Win32.ActiveCfg = Debug|Win32
		{1BE7EF99-E527-4012-8B31-050E0D477C01}.Debug|Win32.Build.0 = Debug|Win32
		{1BE7EF99-E527-4012-8B31-050E0D477C01}.Release|Win32.ActiveCfg = Release|Win32
		{1BE7EF99-E527-4012-8B31-050E0D477C01}.Release|Win32.Build.0 = Release|Win32
		{592B8DA4-8D6B-45AA-9607-4BD571C3E4EE}.Debug|Win32.ActiveCfg = Debug|Win32
		{592B8DA4-8D6B-45AA-9607-4BD571C3E4EE}.Debug|Win32.Build.0 = Debug|Win32
		{592B8DA4-8D6B-45AA-9607-4BD571C3E4EE}.Release|Win32.ActiveCfg = Release|Win32
		{592B8DA4-8D6B-45AA-9607-4BD571C3E4EE}.Release|Win32.Build.0 = Release|Win32
	EndGlobalSection
	GlobalSection(SolutionProperties) = preSolution
		HideSolutionNode = FALSE
	EndGlobalSection
EndGlobal
